
Microsoft Visual Studio Solution File, Format Version 12.00
# Visual Studio Version 16
VisualStudioVersion = 16.0.31321.278
MinimumVisualStudioVersion = 10.0.40219.1
Project("{FAE04EC0-301F-11D3-BF4B-00C04F79EFBC}") = "PublishDockerization", "PublishDockerization\PublishDockerization.csproj", "{8C9FE9E4-3A8F-4E7B-81A8-CEE9E0FB8D1F}"
EndProject
Global
	GlobalSection(SolutionConfigurationPlatforms) = preSolution
		Debug|Any CPU = Debug|Any CPU
		Release|Any CPU = Release|Any CPU
	EndGlobalSection
	GlobalSection(ProjectConfigurationPlatforms) = postSolution
		{8C9FE9E4-3A8F-4E7B-81A8-CEE9E0FB8D1F}.Debug|Any CPU.ActiveCfg = Debug|Any CPU
		{8C9FE9E4-3A8F-4E7B-81A8-CEE9E0FB8D1F}.Debug|Any CPU.Build.0 = Debug|Any CPU
		{8C9FE9E4-3A8F-4E7B-81A8-CEE9E0FB8D1F}.Release|Any CPU.ActiveCfg = Release|Any CPU
		{8C9FE9E4-3A8F-4E7B-81A8-CEE9E0FB8D1F}.Release|Any CPU.Build.0 = Release|Any CPU
	EndGlobalSection
	GlobalSection(SolutionProperties) = preSolution
		HideSolutionNode = FALSE
	EndGlobalSection
	GlobalSection(ExtensibilityGlobals) = postSolution
		SolutionGuid = {C5930240-50D2-4790-A601-DA2D2E915736}
	EndGlobalSection
EndGlobal
